
Microsoft Visual Studio Solution File, Format Version 12.00
# Visual Studio Version 16
VisualStudioVersion = 16.0.31702.278
MinimumVisualStudioVersion = 10.0.40219.1
Project("{FAE04EC0-301F-11D3-BF4B-00C04F79EFBC}") = "TelegramBot_WPF", "TelegramBot_WPF.csproj", "{B68303FC-87AB-422B-87ED-A8EC11ED51BE}"
EndProject
Global
	GlobalSection(SolutionConfigurationPlatforms) = preSolution
		Debug|Any CPU = Debug|Any CPU
		Release|Any CPU = Release|Any CPU
	EndGlobalSection
	GlobalSection(ProjectConfigurationPlatforms) = postSolution
		{B68303FC-87AB-422B-87ED-A8EC11ED51BE}.Debug|Any CPU.ActiveCfg = Debug|Any CPU
		{B68303FC-87AB-422B-87ED-A8EC11ED51BE}.Debug|Any CPU.Build.0 = Debug|Any CPU
		{B68303FC-87AB-422B-87ED-A8EC11ED51BE}.Release|Any CPU.ActiveCfg = Release|Any CPU
		{B68303FC-87AB-422B-87ED-A8EC11ED51BE}.Release|Any CPU.Build.0 = Release|Any CPU
	EndGlobalSection
	GlobalSection(SolutionProperties) = preSolution
		HideSolutionNode = FALSE
	EndGlobalSection
	GlobalSection(ExtensibilityGlobals) = postSolution
		SolutionGuid = {3502A3D2-DC7F-4308-A12C-DF0A65A1AF08}
	EndGlobalSection
EndGlobal
